
Microsoft Visual Studio Solution File, Format Version 12.00
# Visual Studio Version 17
VisualStudioVersion = 17.2.32210.308
MinimumVisualStudioVersion = 10.0.40219.1
Project("{2150E333-8FDC-42A3-9474-1A3956D46DE8}") = "Default", "Default", "{65146420-E8B0-40B9-ABEE-494C24426ED7}"
EndProject
Project("{9A19103F-16F7-4668-BE54-9A1E7A4F7556}") = "App_DevResources", "src\App_DevResources\App_DevResources.csproj", "{52BE9C62-1CCB-44D4-BB61-EFCDC5F366D4}"
EndProject
Project("{9A19103F-16F7-4668-BE54-9A1E7A4F7556}") = "Tutorial_BlazorApp", "src\Tutorial_BlazorApp\Tutorial_BlazorApp.csproj", "{EA416F40-4BF8-4434-8755-DBFE89B0E33B}"
EndProject
Project("{9A19103F-16F7-4668-BE54-9A1E7A4F7556}") = "Tutorial_TodoListServer", "src\Tutorial_TodoListServer\Tutorial_TodoListServer.csproj", "{B3C6876A-6F10-4E65-869C-DBCD6265EF2C}"
EndProject
Project("{9A19103F-16F7-4668-BE54-9A1E7A4F7556}") = "Tutorial_TodoListWebAssembly", "src\Tutorial_TodoListWebAssembly\Tutorial_TodoListWebAssembly.csproj", "{2FF258C7-65F9-41EE-BFAE-6AACFD627E3B}"
EndProject
Project("{9A19103F-16F7-4668-BE54-9A1E7A4F7556}") = "Tutorial_BlazorServerSignalRAppServer", "src\Tutorial_BlazorServerSignalRAppServer\Tutorial_BlazorServerSignalRAppServer.csproj", "{539481B9-A480-4471-BB4B-0CD99525790F}"
EndProject
Project("{9A19103F-16F7-4668-BE54-9A1E7A4F7556}") = "Tutorial_BlazorWebAssemblySignalRApp.Server", "src\Tutorial_BlazorWebAssemblySignalRApp\Server\Tutorial_BlazorWebAssemblySignalRApp.Server.csproj", "{B7CCE192-253F-409E-9EFC-AB9CA0DB200F}"
EndProject
Project("{9A19103F-16F7-4668-BE54-9A1E7A4F7556}") = "Tutorial_BlazorWebAssemblySignalRApp.Client", "src\Tutorial_BlazorWebAssemblySignalRApp\Client\Tutorial_BlazorWebAssemblySignalRApp.Client.csproj", "{8B20045B-444F-4213-8BD8-D1FA98E5888D}"
EndProject
Project("{9A19103F-16F7-4668-BE54-9A1E7A4F7556}") = "Tutorial_BlazorWebAssemblySignalRApp.Shared", "src\Tutorial_BlazorWebAssemblySignalRApp\Shared\Tutorial_BlazorWebAssemblySignalRApp.Shared.csproj", "{68EA8FF5-C710-44E2-ABBC-45E3E51F688D}"
EndProject
Project("{2150E333-8FDC-42A3-9474-1A3956D46DE8}") = "Shared", "Shared", "{3130C615-FD05-438A-9EE2-2DDF217AFB47}"
EndProject
Project("{9A19103F-16F7-4668-BE54-9A1E7A4F7556}") = "Tutorial_WindowsFormsBlazorApp", "src\Tutorial_WindowsFormsBlazorApp\Tutorial_WindowsFormsBlazorApp.csproj", "{E7954138-AB78-4268-AAC4-AAAE15C5497B}"
EndProject
Project("{9A19103F-16F7-4668-BE54-9A1E7A4F7556}") = "Tutorial_WpfBlazorApp", "src\Tutorial_WpfBlazorApp\Tutorial_WpfBlazorApp.csproj", "{9166EF6E-1BE5-4263-B42F-C6FAD5153F05}"
EndProject
Project("{9A19103F-16F7-4668-BE54-9A1E7A4F7556}") = "Tutorial_WpfBlazorAppRarorClassLibrary", "src\Tutorial_WpfBlazorAppRarorClassLibrary\Tutorial_WpfBlazorAppRarorClassLibrary.csproj", "{5642118F-DA85-42B1-A498-A34963715B91}"
EndProject
Project("{9A19103F-16F7-4668-BE54-9A1E7A4F7556}") = "Fundamentals_BlazorWebAssemblyApp", "src\Fundamentals_BlazorWebAssemblyApp\Fundamentals_BlazorWebAssemblyApp.csproj", "{5AC41654-75EE-47A4-AE79-FB762169C92D}"
EndProject
Project("{9A19103F-16F7-4668-BE54-9A1E7A4F7556}") = "Fundamentals_BlazorComponent", "src\Fundamentals_BlazorComponent\Fundamentals_BlazorComponent.csproj", "{C17639C8-1F90-459A-BA69-C13D4B32AA62}"
EndProject
Project("{9A19103F-16F7-4668-BE54-9A1E7A4F7556}") = "FileUpload_Samples", "src\FileUpload_Samples\FileUpload_Samples.csproj", "{D3474D18-6BAA-4C32-A928-375EDE097EBF}"
EndProject
Project("{2150E333-8FDC-42A3-9474-1A3956D46DE8}") = "Server", "Server", "{D005D5BB-4D8F-4BDB-9551-88F090182F95}"
EndProject
Project("{9A19103F-16F7-4668-BE54-9A1E7A4F7556}") = "FileUpload_Server", "src\FileUpload_Server\FileUpload_Server.csproj", "{EC38387A-91C7-4365-B0C5-5B79755D0D3A}"
EndProject
Project("{9A19103F-16F7-4668-BE54-9A1E7A4F7556}") = "FileUpload_ServerWeb", "src\FileUpload_ServerWeb\FileUpload_ServerWeb.csproj", "{36F9CB17-BDF7-4673-9B9B-82AFA4023AA9}"
EndProject
Project("{9A19103F-16F7-4668-BE54-9A1E7A4F7556}") = "Fundamentals_CurrentDate_Component", "src\CurrentDate_Component\Fundamentals_CurrentDate_Component.csproj", "{5B4AB397-5854-4B95-86D5-8307AF05F324}"
EndProject
Project("{9A19103F-16F7-4668-BE54-9A1E7A4F7556}") = "BlazorWebAssemblyApp_GameCanvas_Samples", "src\BlazorWebAssemblyApp_GameCanvas_Samples\BlazorWebAssemblyApp_GameCanvas_Samples.csproj", "{3B316A05-613A-4D03-9A5C-420D2FD28B2F}"
EndProject
Project("{9A19103F-16F7-4668-BE54-9A1E7A4F7556}") = "SVG_Samples", "src\SVG_Samples\SVG_Samples.csproj", "{87F7BBAD-5083-4431-82A6-1AF99F5F18E1}"
EndProject
Project("{9A19103F-16F7-4668-BE54-9A1E7A4F7556}") = "Html_Css_Samples", "src\Html_Css_Samples\Html_Css_Samples.csproj", "{1D8E6314-E024-438E-87DA-6BD89A5FDA4C}"
EndProject
Project("{9A19103F-16F7-4668-BE54-9A1E7A4F7556}") = "Blazor_Samples", "src\Blazor_Samples\Blazor_Samples.csproj", "{7FBDFAF4-5B7E-48D6-9780-BE6B1DF54257}"
EndProject
Project("{9A19103F-16F7-4668-BE54-9A1E7A4F7556}") = "Blazor_Samples_RazorClassLibrary", "src\Blazor_Samples_RazorClassLibrary\Blazor_Samples_RazorClassLibrary.csproj", "{7AE46BF2-3D64-4647-BB48-4E88BAB3A554}"
EndProject
Project("{9A19103F-16F7-4668-BE54-9A1E7A4F7556}") = "Default_BlazorWebAssemblyAppEmpty.Client.Server", "src\Default_BlazorWebAssemblyAppEmpty.Client\Server\Default_BlazorWebAssemblyAppEmpty.Client.Server.csproj", "{11FAE3EB-4880-4B28-A1C3-A17D94B12BB1}"
EndProject
Project("{9A19103F-16F7-4668-BE54-9A1E7A4F7556}") = "Default_BlazorWebAssemblyAppEmpty.Client.Client", "src\Default_BlazorWebAssemblyAppEmpty.Client\Client\Default_BlazorWebAssemblyAppEmpty.Client.Client.csproj", "{5A3306DB-C048-49FC-AE0D-018F9198D35C}"
EndProject
Project("{9A19103F-16F7-4668-BE54-9A1E7A4F7556}") = "Default_BlazorWebAssemblyAppEmpty.Client.Shared", "src\Default_BlazorWebAssemblyAppEmpty.Client\Shared\Default_BlazorWebAssemblyAppEmpty.Client.Shared.csproj", "{33563F10-4586-4AA4-90B5-AEC2786B00D4}"
EndProject
Project("{9A19103F-16F7-4668-BE54-9A1E7A4F7556}") = "Default_BlazorWebAssemblyApp_ServerHosted_PWA.Server", "src\Default_BlazorWebAssemblyApp_ServerHosted_PWA\Server\Default_BlazorWebAssemblyApp_ServerHosted_PWA.Server.csproj", "{8FB23728-37E4-41D0-93FD-2D5F539BA632}"
EndProject
Project("{9A19103F-16F7-4668-BE54-9A1E7A4F7556}") = "Default_BlazorWebAssemblyApp_ServerHosted_PWA.Client", "src\Default_BlazorWebAssemblyApp_ServerHosted_PWA\Client\Default_BlazorWebAssemblyApp_ServerHosted_PWA.Client.csproj", "{D0D4DD61-B90A-4FFE-910C-1E4516FF9ABE}"
EndProject
Project("{9A19103F-16F7-4668-BE54-9A1E7A4F7556}") = "Default_BlazorWebAssemblyApp_ServerHosted_PWA.Shared", "src\Default_BlazorWebAssemblyApp_ServerHosted_PWA\Shared\Default_BlazorWebAssemblyApp_ServerHosted_PWA.Shared.csproj", "{63795E07-2BBE-43DA-8547-8EE1FA180F45}"
EndProject
Project("{9A19103F-16F7-4668-BE54-9A1E7A4F7556}") = "Default_BlazorServerAppEmpty", "src\Default_BlazorServerAppEmpty\Default_BlazorServerAppEmpty.csproj", "{8E022BA1-B103-4BB6-91E1-784496BB9477}"
EndProject
Project("{9A19103F-16F7-4668-BE54-9A1E7A4F7556}") = "Default_BlazorServerApp_NoAuth", "src\Default_BlazorServerApp_NoAuth\Default_BlazorServerApp_NoAuth.csproj", "{E23E8AF9-1C61-4538-9340-9E90C69573F9}"
EndProject
Project("{9A19103F-16F7-4668-BE54-9A1E7A4F7556}") = "Default_MudBlazorApp_WasmPWA", "src\Default_MudBlazorApp_WasmPWA\Default_MudBlazorApp_WasmPWA.csproj", "{AF9767AC-EA24-4CE1-984A-4E991C8F204C}"
EndProject
Project("{9A19103F-16F7-4668-BE54-9A1E7A4F7556}") = "BlazorWebAssemblyAppPWA_Svg_Samples", "src\BlazorWebAssemblyAppPWA_Svg_Samples\BlazorWebAssemblyAppPWA_Svg_Samples.csproj", "{BE326F6A-F28A-4868-9CDF-03CA454D376A}"
EndProject
Project("{9A19103F-16F7-4668-BE54-9A1E7A4F7556}") = "Default_BlazorWebAssemblyApp_PWA", "src\Default_BlazorWebAssemblyApp_PWA\Default_BlazorWebAssemblyApp_PWA.csproj", "{76D546B7-F810-4140-9429-67231507B955}"
EndProject
Project("{9A19103F-16F7-4668-BE54-9A1E7A4F7556}") = "Blazor_Maui_Svg_Samples", "src\Blazor_Maui_Svg_Samples\Blazor_Maui_Svg_Samples.csproj", "{3B867D3F-2F93-4A3F-9A4F-5BA2D81CE589}"
EndProject
Project("{FAE04EC0-301F-11D3-BF4B-00C04F79EFBC}") = "Default_RazorClassLibraryPagesViews", "src\Default_RazorClassLibraryPagesViews\Default_RazorClassLibraryPagesViews.csproj", "{4C9E9C35-757F-41EE-B48B-1B49A8B23469}"
EndProject
Project("{FAE04EC0-301F-11D3-BF4B-00C04F79EFBC}") = "Default_RazorClassLibrary", "src\Default_RazorClassLibrary\Default_RazorClassLibrary.csproj", "{41357C2C-3E37-4916-BEAE-F2E8F40819C8}"
EndProject
Global
	GlobalSection(SolutionConfigurationPlatforms) = preSolution
		Debug|Any CPU = Debug|Any CPU
		Release|Any CPU = Release|Any CPU
	EndGlobalSection
	GlobalSection(ProjectConfigurationPlatforms) = postSolution
		{52BE9C62-1CCB-44D4-BB61-EFCDC5F366D4}.Debug|Any CPU.ActiveCfg = Debug|Any CPU
		{52BE9C62-1CCB-44D4-BB61-EFCDC5F366D4}.Debug|Any CPU.Build.0 = Debug|Any CPU
		{52BE9C62-1CCB-44D4-BB61-EFCDC5F366D4}.Release|Any CPU.ActiveCfg = Release|Any CPU
		{52BE9C62-1CCB-44D4-BB61-EFCDC5F366D4}.Release|Any CPU.Build.0 = Release|Any CPU
		{EA416F40-4BF8-4434-8755-DBFE89B0E33B}.Debug|Any CPU.ActiveCfg = Debug|Any CPU
		{EA416F40-4BF8-4434-8755-DBFE89B0E33B}.Debug|Any CPU.Build.0 = Debug|Any CPU
		{EA416F40-4BF8-4434-8755-DBFE89B0E33B}.Release|Any CPU.ActiveCfg = Release|Any CPU
		{EA416F40-4BF8-4434-8755-DBFE89B0E33B}.Release|Any CPU.Build.0 = Release|Any CPU
		{B3C6876A-6F10-4E65-869C-DBCD6265EF2C}.Debug|Any CPU.ActiveCfg = Debug|Any CPU
		{B3C6876A-6F10-4E65-869C-DBCD6265EF2C}.Debug|Any CPU.Build.0 = Debug|Any CPU
		{B3C6876A-6F10-4E65-869C-DBCD6265EF2C}.Release|Any CPU.ActiveCfg = Release|Any CPU
		{B3C6876A-6F10-4E65-869C-DBCD6265EF2C}.Release|Any CPU.Build.0 = Release|Any CPU
		{2FF258C7-65F9-41EE-BFAE-6AACFD627E3B}.Debug|Any CPU.ActiveCfg = Debug|Any CPU
		{2FF258C7-65F9-41EE-BFAE-6AACFD627E3B}.Debug|Any CPU.Build.0 = Debug|Any CPU
		{2FF258C7-65F9-41EE-BFAE-6AACFD627E3B}.Release|Any CPU.ActiveCfg = Release|Any CPU
		{2FF258C7-65F9-41EE-BFAE-6AACFD627E3B}.Release|Any CPU.Build.0 = Release|Any CPU
		{539481B9-A480-4471-BB4B-0CD99525790F}.Debug|Any CPU.ActiveCfg = Debug|Any CPU
		{539481B9-A480-4471-BB4B-0CD99525790F}.Debug|Any CPU.Build.0 = Debug|Any CPU
		{539481B9-A480-4471-BB4B-0CD99525790F}.Release|Any CPU.ActiveCfg = Release|Any CPU
		{539481B9-A480-4471-BB4B-0CD99525790F}.Release|Any CPU.Build.0 = Release|Any CPU
		{B7CCE192-253F-409E-9EFC-AB9CA0DB200F}.Debug|Any CPU.ActiveCfg = Debug|Any CPU
		{B7CCE192-253F-409E-9EFC-AB9CA0DB200F}.Debug|Any CPU.Build.0 = Debug|Any CPU
		{B7CCE192-253F-409E-9EFC-AB9CA0DB200F}.Release|Any CPU.ActiveCfg = Release|Any CPU
		{B7CCE192-253F-409E-9EFC-AB9CA0DB200F}.Release|Any CPU.Build.0 = Release|Any CPU
		{8B20045B-444F-4213-8BD8-D1FA98E5888D}.Debug|Any CPU.ActiveCfg = Debug|Any CPU
		{8B20045B-444F-4213-8BD8-D1FA98E5888D}.Debug|Any CPU.Build.0 = Debug|Any CPU
		{8B20045B-444F-4213-8BD8-D1FA98E5888D}.Release|Any CPU.ActiveCfg = Release|Any CPU
		{8B20045B-444F-4213-8BD8-D1FA98E5888D}.Release|Any CPU.Build.0 = Release|Any CPU
		{68EA8FF5-C710-44E2-ABBC-45E3E51F688D}.Debug|Any CPU.ActiveCfg = Debug|Any CPU
		{68EA8FF5-C710-44E2-ABBC-45E3E51F688D}.Debug|Any CPU.Build.0 = Debug|Any CPU
		{68EA8FF5-C710-44E2-ABBC-45E3E51F688D}.Release|Any CPU.ActiveCfg = Release|Any CPU
		{68EA8FF5-C710-44E2-ABBC-45E3E51F688D}.Release|Any CPU.Build.0 = Release|Any CPU
		{E7954138-AB78-4268-AAC4-AAAE15C5497B}.Debug|Any CPU.ActiveCfg = Debug|Any CPU
		{E7954138-AB78-4268-AAC4-AAAE15C5497B}.Debug|Any CPU.Build.0 = Debug|Any CPU
		{E7954138-AB78-4268-AAC4-AAAE15C5497B}.Release|Any CPU.ActiveCfg = Release|Any CPU
		{E7954138-AB78-4268-AAC4-AAAE15C5497B}.Release|Any CPU.Build.0 = Release|Any CPU
		{9166EF6E-1BE5-4263-B42F-C6FAD5153F05}.Debug|Any CPU.ActiveCfg = Debug|Any CPU
		{9166EF6E-1BE5-4263-B42F-C6FAD5153F05}.Debug|Any CPU.Build.0 = Debug|Any CPU
		{9166EF6E-1BE5-4263-B42F-C6FAD5153F05}.Release|Any CPU.ActiveCfg = Release|Any CPU
		{9166EF6E-1BE5-4263-B42F-C6FAD5153F05}.Release|Any CPU.Build.0 = Release|Any CPU
		{5642118F-DA85-42B1-A498-A34963715B91}.Debug|Any CPU.ActiveCfg = Debug|Any CPU
		{5642118F-DA85-42B1-A498-A34963715B91}.Debug|Any CPU.Build.0 = Debug|Any CPU
		{5642118F-DA85-42B1-A498-A34963715B91}.Release|Any CPU.ActiveCfg = Release|Any CPU
		{5642118F-DA85-42B1-A498-A34963715B91}.Release|Any CPU.Build.0 = Release|Any CPU
		{5AC41654-75EE-47A4-AE79-FB762169C92D}.Debug|Any CPU.ActiveCfg = Debug|Any CPU
		{5AC41654-75EE-47A4-AE79-FB762169C92D}.Debug|Any CPU.Build.0 = Debug|Any CPU
		{5AC41654-75EE-47A4-AE79-FB762169C92D}.Release|Any CPU.ActiveCfg = Release|Any CPU
		{5AC41654-75EE-47A4-AE79-FB762169C92D}.Release|Any CPU.Build.0 = Release|Any CPU
		{C17639C8-1F90-459A-BA69-C13D4B32AA62}.Debug|Any CPU.ActiveCfg = Debug|Any CPU
		{C17639C8-1F90-459A-BA69-C13D4B32AA62}.Debug|Any CPU.Build.0 = Debug|Any CPU
		{C17639C8-1F90-459A-BA69-C13D4B32AA62}.Release|Any CPU.ActiveCfg = Release|Any CPU
		{C17639C8-1F90-459A-BA69-C13D4B32AA62}.Release|Any CPU.Build.0 = Release|Any CPU
		{D3474D18-6BAA-4C32-A928-375EDE097EBF}.Debug|Any CPU.ActiveCfg = Debug|Any CPU
		{D3474D18-6BAA-4C32-A928-375EDE097EBF}.Debug|Any CPU.Build.0 = Debug|Any CPU
		{D3474D18-6BAA-4C32-A928-375EDE097EBF}.Release|Any CPU.ActiveCfg = Release|Any CPU
		{D3474D18-6BAA-4C32-A928-375EDE097EBF}.Release|Any CPU.Build.0 = Release|Any CPU
		{EC38387A-91C7-4365-B0C5-5B79755D0D3A}.Debug|Any CPU.ActiveCfg = Debug|Any CPU
		{EC38387A-91C7-4365-B0C5-5B79755D0D3A}.Debug|Any CPU.Build.0 = Debug|Any CPU
		{EC38387A-91C7-4365-B0C5-5B79755D0D3A}.Release|Any CPU.ActiveCfg = Release|Any CPU
		{EC38387A-91C7-4365-B0C5-5B79755D0D3A}.Release|Any CPU.Build.0 = Release|Any CPU
		{36F9CB17-BDF7-4673-9B9B-82AFA4023AA9}.Debug|Any CPU.ActiveCfg = Debug|Any CPU
		{36F9CB17-BDF7-4673-9B9B-82AFA4023AA9}.Debug|Any CPU.Build.0 = Debug|Any CPU
		{36F9CB17-BDF7-4673-9B9B-82AFA4023AA9}.Release|Any CPU.ActiveCfg = Release|Any CPU
		{36F9CB17-BDF7-4673-9B9B-82AFA4023AA9}.Release|Any CPU.Build.0 = Release|Any CPU
		{5B4AB397-5854-4B95-86D5-8307AF05F324}.Debug|Any CPU.ActiveCfg = Debug|Any CPU
		{5B4AB397-5854-4B95-86D5-8307AF05F324}.Debug|Any CPU.Build.0 = Debug|Any CPU
		{5B4AB397-5854-4B95-86D5-8307AF05F324}.Release|Any CPU.ActiveCfg = Release|Any CPU
		{5B4AB397-5854-4B95-86D5-8307AF05F324}.Release|Any CPU.Build.0 = Release|Any CPU
		{3B316A05-613A-4D03-9A5C-420D2FD28B2F}.Debug|Any CPU.ActiveCfg = Debug|Any CPU
		{3B316A05-613A-4D03-9A5C-420D2FD28B2F}.Debug|Any CPU.Build.0 = Debug|Any CPU
		{3B316A05-613A-4D03-9A5C-420D2FD28B2F}.Release|Any CPU.ActiveCfg = Release|Any CPU
		{3B316A05-613A-4D03-9A5C-420D2FD28B2F}.Release|Any CPU.Build.0 = Release|Any CPU
		{87F7BBAD-5083-4431-82A6-1AF99F5F18E1}.Debug|Any CPU.ActiveCfg = Debug|Any CPU
		{87F7BBAD-5083-4431-82A6-1AF99F5F18E1}.Debug|Any CPU.Build.0 = Debug|Any CPU
		{87F7BBAD-5083-4431-82A6-1AF99F5F18E1}.Release|Any CPU.ActiveCfg = Release|Any CPU
		{87F7BBAD-5083-4431-82A6-1AF99F5F18E1}.Release|Any CPU.Build.0 = Release|Any CPU
		{1D8E6314-E024-438E-87DA-6BD89A5FDA4C}.Debug|Any CPU.ActiveCfg = Debug|Any CPU
		{1D8E6314-E024-438E-87DA-6BD89A5FDA4C}.Debug|Any CPU.Build.0 = Debug|Any CPU
		{1D8E6314-E024-438E-87DA-6BD89A5FDA4C}.Release|Any CPU.ActiveCfg = Release|Any CPU
		{1D8E6314-E024-438E-87DA-6BD89A5FDA4C}.Release|Any CPU.Build.0 = Release|Any CPU
		{7FBDFAF4-5B7E-48D6-9780-BE6B1DF54257}.Debug|Any CPU.ActiveCfg = Debug|Any CPU
		{7FBDFAF4-5B7E-48D6-9780-BE6B1DF54257}.Debug|Any CPU.Build.0 = Debug|Any CPU
		{7FBDFAF4-5B7E-48D6-9780-BE6B1DF54257}.Release|Any CPU.ActiveCfg = Release|Any CPU
		{7FBDFAF4-5B7E-48D6-9780-BE6B1DF54257}.Release|Any CPU.Build.0 = Release|Any CPU
		{7AE46BF2-3D64-4647-BB48-4E88BAB3A554}.Debug|Any CPU.ActiveCfg = Debug|Any CPU
		{7AE46BF2-3D64-4647-BB48-4E88BAB3A554}.Debug|Any CPU.Build.0 = Debug|Any CPU
		{7AE46BF2-3D64-4647-BB48-4E88BAB3A554}.Release|Any CPU.ActiveCfg = Release|Any CPU
		{7AE46BF2-3D64-4647-BB48-4E88BAB3A554}.Release|Any CPU.Build.0 = Release|Any CPU
		{11FAE3EB-4880-4B28-A1C3-A17D94B12BB1}.Debug|Any CPU.ActiveCfg = Debug|Any CPU
		{11FAE3EB-4880-4B28-A1C3-A17D94B12BB1}.Debug|Any CPU.Build.0 = Debug|Any CPU
		{11FAE3EB-4880-4B28-A1C3-A17D94B12BB1}.Release|Any CPU.ActiveCfg = Release|Any CPU
		{11FAE3EB-4880-4B28-A1C3-A17D94B12BB1}.Release|Any CPU.Build.0 = Release|Any CPU
		{5A3306DB-C048-49FC-AE0D-018F9198D35C}.Debug|Any CPU.ActiveCfg = Debug|Any CPU
		{5A3306DB-C048-49FC-AE0D-018F9198D35C}.Debug|Any CPU.Build.0 = Debug|Any CPU
		{5A3306DB-C048-49FC-AE0D-018F9198D35C}.Release|Any CPU.ActiveCfg = Release|Any CPU
		{5A3306DB-C048-49FC-AE0D-018F9198D35C}.Release|Any CPU.Build.0 = Release|Any CPU
		{33563F10-4586-4AA4-90B5-AEC2786B00D4}.Debug|Any CPU.ActiveCfg = Debug|Any CPU
		{33563F10-4586-4AA4-90B5-AEC2786B00D4}.Debug|Any CPU.Build.0 = Debug|Any CPU
		{33563F10-4586-4AA4-90B5-AEC2786B00D4}.Release|Any CPU.ActiveCfg = Release|Any CPU
		{33563F10-4586-4AA4-90B5-AEC2786B00D4}.Release|Any CPU.Build.0 = Release|Any CPU
		{8FB23728-37E4-41D0-93FD-2D5F539BA632}.Debug|Any CPU.ActiveCfg = Debug|Any CPU
		{8FB23728-37E4-41D0-93FD-2D5F539BA632}.Debug|Any CPU.Build.0 = Debug|Any CPU
		{8FB23728-37E4-41D0-93FD-2D5F539BA632}.Release|Any CPU.ActiveCfg = Release|Any CPU
		{8FB23728-37E4-41D0-93FD-2D5F539BA632}.Release|Any CPU.Build.0 = Release|Any CPU
		{D0D4DD61-B90A-4FFE-910C-1E4516FF9ABE}.Debug|Any CPU.ActiveCfg = Debug|Any CPU
		{D0D4DD61-B90A-4FFE-910C-1E4516FF9ABE}.Debug|Any CPU.Build.0 = Debug|Any CPU
		{D0D4DD61-B90A-4FFE-910C-1E4516FF9ABE}.Release|Any CPU.ActiveCfg = Release|Any CPU
		{D0D4DD61-B90A-4FFE-910C-1E4516FF9ABE}.Release|Any CPU.Build.0 = Release|Any CPU
		{63795E07-2BBE-43DA-8547-8EE1FA180F45}.Debug|Any CPU.ActiveCfg = Debug|Any CPU
		{63795E07-2BBE-43DA-8547-8EE1FA180F45}.Debug|Any CPU.Build.0 = Debug|Any CPU
		{63795E07-2BBE-43DA-8547-8EE1FA180F45}.Release|Any CPU.ActiveCfg = Release|Any CPU
		{63795E07-2BBE-43DA-8547-8EE1FA180F45}.Release|Any CPU.Build.0 = Release|Any CPU
		{8E022BA1-B103-4BB6-91E1-784496BB9477}.Debug|Any CPU.ActiveCfg = Debug|Any CPU
		{8E022BA1-B103-4BB6-91E1-784496BB9477}.Debug|Any CPU.Build.0 = Debug|Any CPU
		{8E022BA1-B103-4BB6-91E1-784496BB9477}.Release|Any CPU.ActiveCfg = Release|Any CPU
		{8E022BA1-B103-4BB6-91E1-784496BB9477}.Release|Any CPU.Build.0 = Release|Any CPU
		{E23E8AF9-1C61-4538-9340-9E90C69573F9}.Debug|Any CPU.ActiveCfg = Debug|Any CPU
		{E23E8AF9-1C61-4538-9340-9E90C69573F9}.Debug|Any CPU.Build.0 = Debug|Any CPU
		{E23E8AF9-1C61-4538-9340-9E90C69573F9}.Release|Any CPU.ActiveCfg = Release|Any CPU
		{E23E8AF9-1C61-4538-9340-9E90C69573F9}.Release|Any CPU.Build.0 = Release|Any CPU
		{AF9767AC-EA24-4CE1-984A-4E991C8F204C}.Debug|Any CPU.ActiveCfg = Debug|Any CPU
		{AF9767AC-EA24-4CE1-984A-4E991C8F204C}.Debug|Any CPU.Build.0 = Debug|Any CPU
		{AF9767AC-EA24-4CE1-984A-4E991C8F204C}.Release|Any CPU.ActiveCfg = Release|Any CPU
		{AF9767AC-EA24-4CE1-984A-4E991C8F204C}.Release|Any CPU.Build.0 = Release|Any CPU
		{BE326F6A-F28A-4868-9CDF-03CA454D376A}.Debug|Any CPU.ActiveCfg = Debug|Any CPU
		{BE326F6A-F28A-4868-9CDF-03CA454D376A}.Debug|Any CPU.Build.0 = Debug|Any CPU
		{BE326F6A-F28A-4868-9CDF-03CA454D376A}.Release|Any CPU.ActiveCfg = Release|Any CPU
		{BE326F6A-F28A-4868-9CDF-03CA454D376A}.Release|Any CPU.Build.0 = Release|Any CPU
		{76D546B7-F810-4140-9429-67231507B955}.Debug|Any CPU.ActiveCfg = Debug|Any CPU
		{76D546B7-F810-4140-9429-67231507B955}.Debug|Any CPU.Build.0 = Debug|Any CPU
		{76D546B7-F810-4140-9429-67231507B955}.Release|Any CPU.ActiveCfg = Release|Any CPU
		{76D546B7-F810-4140-9429-67231507B955}.Release|Any CPU.Build.0 = Release|Any CPU
		{3B867D3F-2F93-4A3F-9A4F-5BA2D81CE589}.Debug|Any CPU.ActiveCfg = Debug|Any CPU
		{3B867D3F-2F93-4A3F-9A4F-5BA2D81CE589}.Debug|Any CPU.Build.0 = Debug|Any CPU
		{3B867D3F-2F93-4A3F-9A4F-5BA2D81CE589}.Debug|Any CPU.Deploy.0 = Debug|Any CPU
		{3B867D3F-2F93-4A3F-9A4F-5BA2D81CE589}.Release|Any CPU.ActiveCfg = Release|Any CPU
		{3B867D3F-2F93-4A3F-9A4F-5BA2D81CE589}.Release|Any CPU.Build.0 = Release|Any CPU
		{3B867D3F-2F93-4A3F-9A4F-5BA2D81CE589}.Release|Any CPU.Deploy.0 = Release|Any CPU
		{4C9E9C35-757F-41EE-B48B-1B49A8B23469}.Debug|Any CPU.ActiveCfg = Debug|Any CPU
		{4C9E9C35-757F-41EE-B48B-1B49A8B23469}.Debug|Any CPU.Build.0 = Debug|Any CPU
		{4C9E9C35-757F-41EE-B48B-1B49A8B23469}.Release|Any CPU.ActiveCfg = Release|Any CPU
		{4C9E9C35-757F-41EE-B48B-1B49A8B23469}.Release|Any CPU.Build.0 = Release|Any CPU
		{41357C2C-3E37-4916-BEAE-F2E8F40819C8}.Debug|Any CPU.ActiveCfg = Debug|Any CPU
		{41357C2C-3E37-4916-BEAE-F2E8F40819C8}.Debug|Any CPU.Build.0 = Debug|Any CPU
		{41357C2C-3E37-4916-BEAE-F2E8F40819C8}.Release|Any CPU.ActiveCfg = Release|Any CPU
		{41357C2C-3E37-4916-BEAE-F2E8F40819C8}.Release|Any CPU.Build.0 = Release|Any CPU
	EndGlobalSection
	GlobalSection(SolutionProperties) = preSolution
		HideSolutionNode = FALSE
	EndGlobalSection
	GlobalSection(NestedProjects) = preSolution
		{52BE9C62-1CCB-44D4-BB61-EFCDC5F366D4} = {3130C615-FD05-438A-9EE2-2DDF217AFB47}
		{EC38387A-91C7-4365-B0C5-5B79755D0D3A} = {D005D5BB-4D8F-4BDB-9551-88F090182F95}
		{36F9CB17-BDF7-4673-9B9B-82AFA4023AA9} = {D005D5BB-4D8F-4BDB-9551-88F090182F95}
		{11FAE3EB-4880-4B28-A1C3-A17D94B12BB1} = {65146420-E8B0-40B9-ABEE-494C24426ED7}
		{5A3306DB-C048-49FC-AE0D-018F9198D35C} = {65146420-E8B0-40B9-ABEE-494C24426ED7}
		{33563F10-4586-4AA4-90B5-AEC2786B00D4} = {65146420-E8B0-40B9-ABEE-494C24426ED7}
		{8FB23728-37E4-41D0-93FD-2D5F539BA632} = {65146420-E8B0-40B9-ABEE-494C24426ED7}
		{D0D4DD61-B90A-4FFE-910C-1E4516FF9ABE} = {65146420-E8B0-40B9-ABEE-494C24426ED7}
		{63795E07-2BBE-43DA-8547-8EE1FA180F45} = {65146420-E8B0-40B9-ABEE-494C24426ED7}
		{8E022BA1-B103-4BB6-91E1-784496BB9477} = {65146420-E8B0-40B9-ABEE-494C24426ED7}
		{E23E8AF9-1C61-4538-9340-9E90C69573F9} = {65146420-E8B0-40B9-ABEE-494C24426ED7}
		{AF9767AC-EA24-4CE1-984A-4E991C8F204C} = {65146420-E8B0-40B9-ABEE-494C24426ED7}
		{76D546B7-F810-4140-9429-67231507B955} = {65146420-E8B0-40B9-ABEE-494C24426ED7}
		{4C9E9C35-757F-41EE-B48B-1B49A8B23469} = {65146420-E8B0-40B9-ABEE-494C24426ED7}
		{41357C2C-3E37-4916-BEAE-F2E8F40819C8} = {65146420-E8B0-40B9-ABEE-494C24426ED7}
	EndGlobalSection
	GlobalSection(ExtensibilityGlobals) = postSolution
		SolutionGuid = {5C4819EF-5052-413A-BD79-3FC25D4E4A66}
	EndGlobalSection
EndGlobal
