
Microsoft Visual Studio Solution File, Format Version 12.00
# Visual Studio Version 17
VisualStudioVersion = 17.2.32210.308
MinimumVisualStudioVersion = 10.0.40219.1
Project("{2150E333-8FDC-42A3-9474-1A3956D46DE8}") = "Default", "Default", "{65146420-E8B0-40B9-ABEE-494C24426ED7}"
EndProject
Project("{9A19103F-16F7-4668-BE54-9A1E7A4F7556}") = "App_DevResources", "src\App_DevResources\App_DevResources.csproj", "{52BE9C62-1CCB-44D4-BB61-EFCDC5F366D4}"
EndProject
Project("{9A19103F-16F7-4668-BE54-9A1E7A4F7556}") = "Tutorial_BlazorApp", "src\Tutorial_BlazorApp\Tutorial_BlazorApp.csproj", "{EA416F40-4BF8-4434-8755-DBFE89B0E33B}"
EndProject
Project("{9A19103F-16F7-4668-BE54-9A1E7A4F7556}") = "Tutorial_TodoListServer", "src\Tutorial_TodoListServer\Tutorial_TodoListServer.csproj", "{B3C6876A-6F10-4E65-869C-DBCD6265EF2C}"
EndProject
Project("{9A19103F-16F7-4668-BE54-9A1E7A4F7556}") = "Tutorial_TodoListWebAssembly", "src\Tutorial_TodoListWebAssembly\Tutorial_TodoListWebAssembly.csproj", "{2FF258C7-65F9-41EE-BFAE-6AACFD627E3B}"
EndProject
Project("{9A19103F-16F7-4668-BE54-9A1E7A4F7556}") = "Tutorial_BlazorServerSignalRAppServer", "src\Tutorial_BlazorServerSignalRAppServer\Tutorial_BlazorServerSignalRAppServer.csproj", "{539481B9-A480-4471-BB4B-0CD99525790F}"
EndProject
Project("{9A19103F-16F7-4668-BE54-9A1E7A4F7556}") = "Tutorial_BlazorWebAssemblySignalRApp.Server", "src\Tutorial_BlazorWebAssemblySignalRApp\Server\Tutorial_BlazorWebAssemblySignalRApp.Server.csproj", "{B7CCE192-253F-409E-9EFC-AB9CA0DB200F}"
EndProject
Project("{9A19103F-16F7-4668-BE54-9A1E7A4F7556}") = "Tutorial_BlazorWebAssemblySignalRApp.Client", "src\Tutorial_BlazorWebAssemblySignalRApp\Client\Tutorial_BlazorWebAssemblySignalRApp.Client.csproj", "{8B20045B-444F-4213-8BD8-D1FA98E5888D}"
EndProject
Project("{9A19103F-16F7-4668-BE54-9A1E7A4F7556}") = "Tutorial_BlazorWebAssemblySignalRApp.Shared", "src\Tutorial_BlazorWebAssemblySignalRApp\Shared\Tutorial_BlazorWebAssemblySignalRApp.Shared.csproj", "{68EA8FF5-C710-44E2-ABBC-45E3E51F688D}"
EndProject
Project("{2150E333-8FDC-42A3-9474-1A3956D46DE8}") = "Shared", "Shared", "{3130C615-FD05-438A-9EE2-2DDF217AFB47}"
EndProject
Project("{9A19103F-16F7-4668-BE54-9A1E7A4F7556}") = "Tutorial_WindowsFormsBlazorApp", "src\Tutorial_WindowsFormsBlazorApp\Tutorial_WindowsFormsBlazorApp.csproj", "{E7954138-AB78-4268-AAC4-AAAE15C5497B}"
EndProject
Project("{9A19103F-16F7-4668-BE54-9A1E7A4F7556}") = "Tutorial_WpfBlazorApp", "src\Tutorial_WpfBlazorApp\Tutorial_WpfBlazorApp.csproj", "{9166EF6E-1BE5-4263-B42F-C6FAD5153F05}"
EndProject
Project("{9A19103F-16F7-4668-BE54-9A1E7A4F7556}") = "Tutorial_WpfBlazorAppRarorClassLibrary", "src\Tutorial_WpfBlazorAppRarorClassLibrary\Tutorial_WpfBlazorAppRarorClassLibrary.csproj", "{5642118F-DA85-42B1-A498-A34963715B91}"
EndProject
Project("{9A19103F-16F7-4668-BE54-9A1E7A4F7556}") = "Fundamentals_BlazorWebAssemblyApp", "src\Fundamentals_BlazorWebAssemblyApp\Fundamentals_BlazorWebAssemblyApp.csproj", "{5AC41654-75EE-47A4-AE79-FB762169C92D}"
EndProject
Project("{9A19103F-16F7-4668-BE54-9A1E7A4F7556}") = "Fundamentals_BlazorComponent", "src\Fundamentals_BlazorComponent\Fundamentals_BlazorComponent.csproj", "{C17639C8-1F90-459A-BA69-C13D4B32AA62}"
EndProject
Project("{9A19103F-16F7-4668-BE54-9A1E7A4F7556}") = "FileUpload_Samples", "src\FileUpload_Samples\FileUpload_Samples.csproj", "{D3474D18-6BAA-4C32-A928-375EDE097EBF}"
EndProject
Project("{2150E333-8FDC-42A3-9474-1A3956D46DE8}") = "Server", "Server", "{D005D5BB-4D8F-4BDB-9551-88F090182F95}"
EndProject
Project("{9A19103F-16F7-4668-BE54-9A1E7A4F7556}") = "FileUpload_Server", "src\FileUpload_Server\FileUpload_Server.csproj", "{EC38387A-91C7-4365-B0C5-5B79755D0D3A}"
EndProject
Project("{9A19103F-16F7-4668-BE54-9A1E7A4F7556}") = "FileUpload_ServerWeb", "src\FileUpload_ServerWeb\FileUpload_ServerWeb.csproj", "{36F9CB17-BDF7-4673-9B9B-82AFA4023AA9}"
EndProject
Project("{9A19103F-16F7-4668-BE54-9A1E7A4F7556}") = "Fundamentals_CurrentDate_Component", "src\CurrentDate_Component\Fundamentals_CurrentDate_Component.csproj", "{5B4AB397-5854-4B95-86D5-8307AF05F324}"
EndProject
Project("{9A19103F-16F7-4668-BE54-9A1E7A4F7556}") = "Blazor_BasicApp", "src\Blazor_BasicApp\Blazor_BasicApp.csproj", "{652E4610-EAA0-4749-A053-298BE4A21A8A}"
EndProject
Project("{9A19103F-16F7-4668-BE54-9A1E7A4F7556}") = "BlazorWebAssemblyApp_BasicApp", "src\BlazorWebAssemblyApp_BasicApp\BlazorWebAssemblyApp_BasicApp.csproj", "{341BC2F2-A00B-40A2-B34C-C685670785B8}"
EndProject
Project("{9A19103F-16F7-4668-BE54-9A1E7A4F7556}") = "BlazorWebAssemblyApp_GameCanvas_Samples", "src\BlazorWebAssemblyApp_GameCanvas_Samples\BlazorWebAssemblyApp_GameCanvas_Samples.csproj", "{3B316A05-613A-4D03-9A5C-420D2FD28B2F}"
EndProject
Project("{9A19103F-16F7-4668-BE54-9A1E7A4F7556}") = "SVG_Samples", "src\SVG_Samples\SVG_Samples.csproj", "{87F7BBAD-5083-4431-82A6-1AF99F5F18E1}"
EndProject
Project("{9A19103F-16F7-4668-BE54-9A1E7A4F7556}") = "Html_Css_Samples", "src\Html_Css_Samples\Html_Css_Samples.csproj", "{1D8E6314-E024-438E-87DA-6BD89A5FDA4C}"
EndProject
Project("{9A19103F-16F7-4668-BE54-9A1E7A4F7556}") = "Blazor_Samples", "src\Blazor_Samples\Blazor_Samples.csproj", "{7FBDFAF4-5B7E-48D6-9780-BE6B1DF54257}"
EndProject
Project("{9A19103F-16F7-4668-BE54-9A1E7A4F7556}") = "Blazor_Samples_RazorClassLibrary", "src\Blazor_Samples_RazorClassLibrary\Blazor_Samples_RazorClassLibrary.csproj", "{7AE46BF2-3D64-4647-BB48-4E88BAB3A554}"
EndProject
Project("{9A19103F-16F7-4668-BE54-9A1E7A4F7556}") = "Default_BlazorServerApp_NoAuth", "src\Default_BlazorServerApp_NoAuth\Default_BlazorServerApp_NoAuth.csproj", "{2C8D52D3-6DB6-4DC0-A003-AC6A0C00259C}"
EndProject
Project("{9A19103F-16F7-4668-BE54-9A1E7A4F7556}") = "Default_BlazorServerAppEmpty", "src\Default_BlazorServerAppEmpty\Default_BlazorServerAppEmpty.csproj", "{E41BECC8-F76D-410E-BEB3-D4C8C32ED978}"
EndProject
Project("{9A19103F-16F7-4668-BE54-9A1E7A4F7556}") = "Default_BlazorWebAssemblyAppEmpty.Server", "src\Default_BlazorWebAssemblyAppEmpty\Server\Default_BlazorWebAssemblyAppEmpty.Server.csproj", "{8B59BE06-455D-4B6F-B6E6-CBAEBC24D155}"
EndProject
Project("{9A19103F-16F7-4668-BE54-9A1E7A4F7556}") = "Default_BlazorWebAssemblyAppEmpty.Client", "src\Default_BlazorWebAssemblyAppEmpty\Client\Default_BlazorWebAssemblyAppEmpty.Client.csproj", "{E03B8FD0-BF3A-4CEC-B5C5-DAD8556CCA73}"
EndProject
Project("{9A19103F-16F7-4668-BE54-9A1E7A4F7556}") = "Default_BlazorWebAssemblyAppEmpty.Shared", "src\Default_BlazorWebAssemblyAppEmpty\Shared\Default_BlazorWebAssemblyAppEmpty.Shared.csproj", "{5C80C30D-8F69-402D-981A-E2B03AE22EF1}"
EndProject
Project("{9A19103F-16F7-4668-BE54-9A1E7A4F7556}") = "Default_RazorClassLibrary", "src\Default_RazorClassLibrary\Default_RazorClassLibrary.csproj", "{3880A6A2-A4E7-4879-BE17-0B9D5676576F}"
EndProject
Project("{9A19103F-16F7-4668-BE54-9A1E7A4F7556}") = "Default_BlazorWebAssemblyApp_ServerHosted_PWA.Client", "src\Default_BlazorWebAssemblyApp_ServerHosted_PWA\Client\Default_BlazorWebAssemblyApp_ServerHosted_PWA.Client.csproj", "{F1CF00E3-80AC-4CF7-B87A-D4776E30F2F9}"
EndProject
Project("{9A19103F-16F7-4668-BE54-9A1E7A4F7556}") = "Default_BlazorWebAssemblyApp_ServerHosted_PWA.Server", "src\Default_BlazorWebAssemblyApp_ServerHosted_PWA\Server\Default_BlazorWebAssemblyApp_ServerHosted_PWA.Server.csproj", "{601C0258-1AC7-4823-B2FF-E74C8F717EDE}"
EndProject
Project("{9A19103F-16F7-4668-BE54-9A1E7A4F7556}") = "Default_BlazorWebAssemblyApp_ServerHosted_PWA.Shared", "src\Default_BlazorWebAssemblyApp_ServerHosted_PWA\Shared\Default_BlazorWebAssemblyApp_ServerHosted_PWA.Shared.csproj", "{5EC8C8B3-7AE0-476F-8FD0-69E50140C937}"
EndProject
Global
	GlobalSection(SolutionConfigurationPlatforms) = preSolution
		Debug|Any CPU = Debug|Any CPU
		Release|Any CPU = Release|Any CPU
	EndGlobalSection
	GlobalSection(ProjectConfigurationPlatforms) = postSolution
		{52BE9C62-1CCB-44D4-BB61-EFCDC5F366D4}.Debug|Any CPU.ActiveCfg = Debug|Any CPU
		{52BE9C62-1CCB-44D4-BB61-EFCDC5F366D4}.Debug|Any CPU.Build.0 = Debug|Any CPU
		{52BE9C62-1CCB-44D4-BB61-EFCDC5F366D4}.Release|Any CPU.ActiveCfg = Release|Any CPU
		{52BE9C62-1CCB-44D4-BB61-EFCDC5F366D4}.Release|Any CPU.Build.0 = Release|Any CPU
		{EA416F40-4BF8-4434-8755-DBFE89B0E33B}.Debug|Any CPU.ActiveCfg = Debug|Any CPU
		{EA416F40-4BF8-4434-8755-DBFE89B0E33B}.Debug|Any CPU.Build.0 = Debug|Any CPU
		{EA416F40-4BF8-4434-8755-DBFE89B0E33B}.Release|Any CPU.ActiveCfg = Release|Any CPU
		{EA416F40-4BF8-4434-8755-DBFE89B0E33B}.Release|Any CPU.Build.0 = Release|Any CPU
		{B3C6876A-6F10-4E65-869C-DBCD6265EF2C}.Debug|Any CPU.ActiveCfg = Debug|Any CPU
		{B3C6876A-6F10-4E65-869C-DBCD6265EF2C}.Debug|Any CPU.Build.0 = Debug|Any CPU
		{B3C6876A-6F10-4E65-869C-DBCD6265EF2C}.Release|Any CPU.ActiveCfg = Release|Any CPU
		{B3C6876A-6F10-4E65-869C-DBCD6265EF2C}.Release|Any CPU.Build.0 = Release|Any CPU
		{2FF258C7-65F9-41EE-BFAE-6AACFD627E3B}.Debug|Any CPU.ActiveCfg = Debug|Any CPU
		{2FF258C7-65F9-41EE-BFAE-6AACFD627E3B}.Debug|Any CPU.Build.0 = Debug|Any CPU
		{2FF258C7-65F9-41EE-BFAE-6AACFD627E3B}.Release|Any CPU.ActiveCfg = Release|Any CPU
		{2FF258C7-65F9-41EE-BFAE-6AACFD627E3B}.Release|Any CPU.Build.0 = Release|Any CPU
		{539481B9-A480-4471-BB4B-0CD99525790F}.Debug|Any CPU.ActiveCfg = Debug|Any CPU
		{539481B9-A480-4471-BB4B-0CD99525790F}.Debug|Any CPU.Build.0 = Debug|Any CPU
		{539481B9-A480-4471-BB4B-0CD99525790F}.Release|Any CPU.ActiveCfg = Release|Any CPU
		{539481B9-A480-4471-BB4B-0CD99525790F}.Release|Any CPU.Build.0 = Release|Any CPU
		{B7CCE192-253F-409E-9EFC-AB9CA0DB200F}.Debug|Any CPU.ActiveCfg = Debug|Any CPU
		{B7CCE192-253F-409E-9EFC-AB9CA0DB200F}.Debug|Any CPU.Build.0 = Debug|Any CPU
		{B7CCE192-253F-409E-9EFC-AB9CA0DB200F}.Release|Any CPU.ActiveCfg = Release|Any CPU
		{B7CCE192-253F-409E-9EFC-AB9CA0DB200F}.Release|Any CPU.Build.0 = Release|Any CPU
		{8B20045B-444F-4213-8BD8-D1FA98E5888D}.Debug|Any CPU.ActiveCfg = Debug|Any CPU
		{8B20045B-444F-4213-8BD8-D1FA98E5888D}.Debug|Any CPU.Build.0 = Debug|Any CPU
		{8B20045B-444F-4213-8BD8-D1FA98E5888D}.Release|Any CPU.ActiveCfg = Release|Any CPU
		{8B20045B-444F-4213-8BD8-D1FA98E5888D}.Release|Any CPU.Build.0 = Release|Any CPU
		{68EA8FF5-C710-44E2-ABBC-45E3E51F688D}.Debug|Any CPU.ActiveCfg = Debug|Any CPU
		{68EA8FF5-C710-44E2-ABBC-45E3E51F688D}.Debug|Any CPU.Build.0 = Debug|Any CPU
		{68EA8FF5-C710-44E2-ABBC-45E3E51F688D}.Release|Any CPU.ActiveCfg = Release|Any CPU
		{68EA8FF5-C710-44E2-ABBC-45E3E51F688D}.Release|Any CPU.Build.0 = Release|Any CPU
		{E7954138-AB78-4268-AAC4-AAAE15C5497B}.Debug|Any CPU.ActiveCfg = Debug|Any CPU
		{E7954138-AB78-4268-AAC4-AAAE15C5497B}.Debug|Any CPU.Build.0 = Debug|Any CPU
		{E7954138-AB78-4268-AAC4-AAAE15C5497B}.Release|Any CPU.ActiveCfg = Release|Any CPU
		{E7954138-AB78-4268-AAC4-AAAE15C5497B}.Release|Any CPU.Build.0 = Release|Any CPU
		{9166EF6E-1BE5-4263-B42F-C6FAD5153F05}.Debug|Any CPU.ActiveCfg = Debug|Any CPU
		{9166EF6E-1BE5-4263-B42F-C6FAD5153F05}.Debug|Any CPU.Build.0 = Debug|Any CPU
		{9166EF6E-1BE5-4263-B42F-C6FAD5153F05}.Release|Any CPU.ActiveCfg = Release|Any CPU
		{9166EF6E-1BE5-4263-B42F-C6FAD5153F05}.Release|Any CPU.Build.0 = Release|Any CPU
		{5642118F-DA85-42B1-A498-A34963715B91}.Debug|Any CPU.ActiveCfg = Debug|Any CPU
		{5642118F-DA85-42B1-A498-A34963715B91}.Debug|Any CPU.Build.0 = Debug|Any CPU
		{5642118F-DA85-42B1-A498-A34963715B91}.Release|Any CPU.ActiveCfg = Release|Any CPU
		{5642118F-DA85-42B1-A498-A34963715B91}.Release|Any CPU.Build.0 = Release|Any CPU
		{5AC41654-75EE-47A4-AE79-FB762169C92D}.Debug|Any CPU.ActiveCfg = Debug|Any CPU
		{5AC41654-75EE-47A4-AE79-FB762169C92D}.Debug|Any CPU.Build.0 = Debug|Any CPU
		{5AC41654-75EE-47A4-AE79-FB762169C92D}.Release|Any CPU.ActiveCfg = Release|Any CPU
		{5AC41654-75EE-47A4-AE79-FB762169C92D}.Release|Any CPU.Build.0 = Release|Any CPU
		{C17639C8-1F90-459A-BA69-C13D4B32AA62}.Debug|Any CPU.ActiveCfg = Debug|Any CPU
		{C17639C8-1F90-459A-BA69-C13D4B32AA62}.Debug|Any CPU.Build.0 = Debug|Any CPU
		{C17639C8-1F90-459A-BA69-C13D4B32AA62}.Release|Any CPU.ActiveCfg = Release|Any CPU
		{C17639C8-1F90-459A-BA69-C13D4B32AA62}.Release|Any CPU.Build.0 = Release|Any CPU
		{D3474D18-6BAA-4C32-A928-375EDE097EBF}.Debug|Any CPU.ActiveCfg = Debug|Any CPU
		{D3474D18-6BAA-4C32-A928-375EDE097EBF}.Debug|Any CPU.Build.0 = Debug|Any CPU
		{D3474D18-6BAA-4C32-A928-375EDE097EBF}.Release|Any CPU.ActiveCfg = Release|Any CPU
		{D3474D18-6BAA-4C32-A928-375EDE097EBF}.Release|Any CPU.Build.0 = Release|Any CPU
		{EC38387A-91C7-4365-B0C5-5B79755D0D3A}.Debug|Any CPU.ActiveCfg = Debug|Any CPU
		{EC38387A-91C7-4365-B0C5-5B79755D0D3A}.Debug|Any CPU.Build.0 = Debug|Any CPU
		{EC38387A-91C7-4365-B0C5-5B79755D0D3A}.Release|Any CPU.ActiveCfg = Release|Any CPU
		{EC38387A-91C7-4365-B0C5-5B79755D0D3A}.Release|Any CPU.Build.0 = Release|Any CPU
		{36F9CB17-BDF7-4673-9B9B-82AFA4023AA9}.Debug|Any CPU.ActiveCfg = Debug|Any CPU
		{36F9CB17-BDF7-4673-9B9B-82AFA4023AA9}.Debug|Any CPU.Build.0 = Debug|Any CPU
		{36F9CB17-BDF7-4673-9B9B-82AFA4023AA9}.Release|Any CPU.ActiveCfg = Release|Any CPU
		{36F9CB17-BDF7-4673-9B9B-82AFA4023AA9}.Release|Any CPU.Build.0 = Release|Any CPU
		{5B4AB397-5854-4B95-86D5-8307AF05F324}.Debug|Any CPU.ActiveCfg = Debug|Any CPU
		{5B4AB397-5854-4B95-86D5-8307AF05F324}.Debug|Any CPU.Build.0 = Debug|Any CPU
		{5B4AB397-5854-4B95-86D5-8307AF05F324}.Release|Any CPU.ActiveCfg = Release|Any CPU
		{5B4AB397-5854-4B95-86D5-8307AF05F324}.Release|Any CPU.Build.0 = Release|Any CPU
		{652E4610-EAA0-4749-A053-298BE4A21A8A}.Debug|Any CPU.ActiveCfg = Debug|Any CPU
		{652E4610-EAA0-4749-A053-298BE4A21A8A}.Debug|Any CPU.Build.0 = Debug|Any CPU
		{652E4610-EAA0-4749-A053-298BE4A21A8A}.Release|Any CPU.ActiveCfg = Release|Any CPU
		{652E4610-EAA0-4749-A053-298BE4A21A8A}.Release|Any CPU.Build.0 = Release|Any CPU
		{341BC2F2-A00B-40A2-B34C-C685670785B8}.Debug|Any CPU.ActiveCfg = Debug|Any CPU
		{341BC2F2-A00B-40A2-B34C-C685670785B8}.Debug|Any CPU.Build.0 = Debug|Any CPU
		{341BC2F2-A00B-40A2-B34C-C685670785B8}.Release|Any CPU.ActiveCfg = Release|Any CPU
		{341BC2F2-A00B-40A2-B34C-C685670785B8}.Release|Any CPU.Build.0 = Release|Any CPU
		{3B316A05-613A-4D03-9A5C-420D2FD28B2F}.Debug|Any CPU.ActiveCfg = Debug|Any CPU
		{3B316A05-613A-4D03-9A5C-420D2FD28B2F}.Debug|Any CPU.Build.0 = Debug|Any CPU
		{3B316A05-613A-4D03-9A5C-420D2FD28B2F}.Release|Any CPU.ActiveCfg = Release|Any CPU
		{3B316A05-613A-4D03-9A5C-420D2FD28B2F}.Release|Any CPU.Build.0 = Release|Any CPU
		{87F7BBAD-5083-4431-82A6-1AF99F5F18E1}.Debug|Any CPU.ActiveCfg = Debug|Any CPU
		{87F7BBAD-5083-4431-82A6-1AF99F5F18E1}.Debug|Any CPU.Build.0 = Debug|Any CPU
		{87F7BBAD-5083-4431-82A6-1AF99F5F18E1}.Release|Any CPU.ActiveCfg = Release|Any CPU
		{87F7BBAD-5083-4431-82A6-1AF99F5F18E1}.Release|Any CPU.Build.0 = Release|Any CPU
		{1D8E6314-E024-438E-87DA-6BD89A5FDA4C}.Debug|Any CPU.ActiveCfg = Debug|Any CPU
		{1D8E6314-E024-438E-87DA-6BD89A5FDA4C}.Debug|Any CPU.Build.0 = Debug|Any CPU
		{1D8E6314-E024-438E-87DA-6BD89A5FDA4C}.Release|Any CPU.ActiveCfg = Release|Any CPU
		{1D8E6314-E024-438E-87DA-6BD89A5FDA4C}.Release|Any CPU.Build.0 = Release|Any CPU
		{7FBDFAF4-5B7E-48D6-9780-BE6B1DF54257}.Debug|Any CPU.ActiveCfg = Debug|Any CPU
		{7FBDFAF4-5B7E-48D6-9780-BE6B1DF54257}.Debug|Any CPU.Build.0 = Debug|Any CPU
		{7FBDFAF4-5B7E-48D6-9780-BE6B1DF54257}.Release|Any CPU.ActiveCfg = Release|Any CPU
		{7FBDFAF4-5B7E-48D6-9780-BE6B1DF54257}.Release|Any CPU.Build.0 = Release|Any CPU
		{7AE46BF2-3D64-4647-BB48-4E88BAB3A554}.Debug|Any CPU.ActiveCfg = Debug|Any CPU
		{7AE46BF2-3D64-4647-BB48-4E88BAB3A554}.Debug|Any CPU.Build.0 = Debug|Any CPU
		{7AE46BF2-3D64-4647-BB48-4E88BAB3A554}.Release|Any CPU.ActiveCfg = Release|Any CPU
		{7AE46BF2-3D64-4647-BB48-4E88BAB3A554}.Release|Any CPU.Build.0 = Release|Any CPU
		{2C8D52D3-6DB6-4DC0-A003-AC6A0C00259C}.Debug|Any CPU.ActiveCfg = Debug|Any CPU
		{2C8D52D3-6DB6-4DC0-A003-AC6A0C00259C}.Debug|Any CPU.Build.0 = Debug|Any CPU
		{2C8D52D3-6DB6-4DC0-A003-AC6A0C00259C}.Release|Any CPU.ActiveCfg = Release|Any CPU
		{2C8D52D3-6DB6-4DC0-A003-AC6A0C00259C}.Release|Any CPU.Build.0 = Release|Any CPU
		{E41BECC8-F76D-410E-BEB3-D4C8C32ED978}.Debug|Any CPU.ActiveCfg = Debug|Any CPU
		{E41BECC8-F76D-410E-BEB3-D4C8C32ED978}.Debug|Any CPU.Build.0 = Debug|Any CPU
		{E41BECC8-F76D-410E-BEB3-D4C8C32ED978}.Release|Any CPU.ActiveCfg = Release|Any CPU
		{E41BECC8-F76D-410E-BEB3-D4C8C32ED978}.Release|Any CPU.Build.0 = Release|Any CPU
		{8B59BE06-455D-4B6F-B6E6-CBAEBC24D155}.Debug|Any CPU.ActiveCfg = Debug|Any CPU
		{8B59BE06-455D-4B6F-B6E6-CBAEBC24D155}.Debug|Any CPU.Build.0 = Debug|Any CPU
		{8B59BE06-455D-4B6F-B6E6-CBAEBC24D155}.Release|Any CPU.ActiveCfg = Release|Any CPU
		{8B59BE06-455D-4B6F-B6E6-CBAEBC24D155}.Release|Any CPU.Build.0 = Release|Any CPU
		{E03B8FD0-BF3A-4CEC-B5C5-DAD8556CCA73}.Debug|Any CPU.ActiveCfg = Debug|Any CPU
		{E03B8FD0-BF3A-4CEC-B5C5-DAD8556CCA73}.Debug|Any CPU.Build.0 = Debug|Any CPU
		{E03B8FD0-BF3A-4CEC-B5C5-DAD8556CCA73}.Release|Any CPU.ActiveCfg = Release|Any CPU
		{E03B8FD0-BF3A-4CEC-B5C5-DAD8556CCA73}.Release|Any CPU.Build.0 = Release|Any CPU
		{5C80C30D-8F69-402D-981A-E2B03AE22EF1}.Debug|Any CPU.ActiveCfg = Debug|Any CPU
		{5C80C30D-8F69-402D-981A-E2B03AE22EF1}.Debug|Any CPU.Build.0 = Debug|Any CPU
		{5C80C30D-8F69-402D-981A-E2B03AE22EF1}.Release|Any CPU.ActiveCfg = Release|Any CPU
		{5C80C30D-8F69-402D-981A-E2B03AE22EF1}.Release|Any CPU.Build.0 = Release|Any CPU
		{3880A6A2-A4E7-4879-BE17-0B9D5676576F}.Debug|Any CPU.ActiveCfg = Debug|Any CPU
		{3880A6A2-A4E7-4879-BE17-0B9D5676576F}.Debug|Any CPU.Build.0 = Debug|Any CPU
		{3880A6A2-A4E7-4879-BE17-0B9D5676576F}.Release|Any CPU.ActiveCfg = Release|Any CPU
		{3880A6A2-A4E7-4879-BE17-0B9D5676576F}.Release|Any CPU.Build.0 = Release|Any CPU
		{F1CF00E3-80AC-4CF7-B87A-D4776E30F2F9}.Debug|Any CPU.ActiveCfg = Debug|Any CPU
		{F1CF00E3-80AC-4CF7-B87A-D4776E30F2F9}.Debug|Any CPU.Build.0 = Debug|Any CPU
		{F1CF00E3-80AC-4CF7-B87A-D4776E30F2F9}.Release|Any CPU.ActiveCfg = Release|Any CPU
		{F1CF00E3-80AC-4CF7-B87A-D4776E30F2F9}.Release|Any CPU.Build.0 = Release|Any CPU
		{601C0258-1AC7-4823-B2FF-E74C8F717EDE}.Debug|Any CPU.ActiveCfg = Debug|Any CPU
		{601C0258-1AC7-4823-B2FF-E74C8F717EDE}.Debug|Any CPU.Build.0 = Debug|Any CPU
		{601C0258-1AC7-4823-B2FF-E74C8F717EDE}.Release|Any CPU.ActiveCfg = Release|Any CPU
		{601C0258-1AC7-4823-B2FF-E74C8F717EDE}.Release|Any CPU.Build.0 = Release|Any CPU
		{5EC8C8B3-7AE0-476F-8FD0-69E50140C937}.Debug|Any CPU.ActiveCfg = Debug|Any CPU
		{5EC8C8B3-7AE0-476F-8FD0-69E50140C937}.Debug|Any CPU.Build.0 = Debug|Any CPU
		{5EC8C8B3-7AE0-476F-8FD0-69E50140C937}.Release|Any CPU.ActiveCfg = Release|Any CPU
		{5EC8C8B3-7AE0-476F-8FD0-69E50140C937}.Release|Any CPU.Build.0 = Release|Any CPU
	EndGlobalSection
	GlobalSection(SolutionProperties) = preSolution
		HideSolutionNode = FALSE
	EndGlobalSection
	GlobalSection(NestedProjects) = preSolution
		{52BE9C62-1CCB-44D4-BB61-EFCDC5F366D4} = {3130C615-FD05-438A-9EE2-2DDF217AFB47}
		{EC38387A-91C7-4365-B0C5-5B79755D0D3A} = {D005D5BB-4D8F-4BDB-9551-88F090182F95}
		{36F9CB17-BDF7-4673-9B9B-82AFA4023AA9} = {D005D5BB-4D8F-4BDB-9551-88F090182F95}
		{2C8D52D3-6DB6-4DC0-A003-AC6A0C00259C} = {65146420-E8B0-40B9-ABEE-494C24426ED7}
		{E41BECC8-F76D-410E-BEB3-D4C8C32ED978} = {65146420-E8B0-40B9-ABEE-494C24426ED7}
		{8B59BE06-455D-4B6F-B6E6-CBAEBC24D155} = {65146420-E8B0-40B9-ABEE-494C24426ED7}
		{E03B8FD0-BF3A-4CEC-B5C5-DAD8556CCA73} = {65146420-E8B0-40B9-ABEE-494C24426ED7}
		{5C80C30D-8F69-402D-981A-E2B03AE22EF1} = {65146420-E8B0-40B9-ABEE-494C24426ED7}
		{3880A6A2-A4E7-4879-BE17-0B9D5676576F} = {65146420-E8B0-40B9-ABEE-494C24426ED7}
		{F1CF00E3-80AC-4CF7-B87A-D4776E30F2F9} = {65146420-E8B0-40B9-ABEE-494C24426ED7}
		{601C0258-1AC7-4823-B2FF-E74C8F717EDE} = {65146420-E8B0-40B9-ABEE-494C24426ED7}
		{5EC8C8B3-7AE0-476F-8FD0-69E50140C937} = {65146420-E8B0-40B9-ABEE-494C24426ED7}
	EndGlobalSection
	GlobalSection(ExtensibilityGlobals) = postSolution
		SolutionGuid = {5C4819EF-5052-413A-BD79-3FC25D4E4A66}
	EndGlobalSection
EndGlobal
