
Microsoft Visual Studio Solution File, Format Version 12.00
# Visual Studio Version 17
VisualStudioVersion = 17.2.32210.308
MinimumVisualStudioVersion = 10.0.40219.1
Project("{2150E333-8FDC-42A3-9474-1A3956D46DE8}") = "Default", "Default", "{65146420-E8B0-40B9-ABEE-494C24426ED7}"
EndProject
Project("{9A19103F-16F7-4668-BE54-9A1E7A4F7556}") = "App_DevResources", "src\App_DevResources\App_DevResources.csproj", "{52BE9C62-1CCB-44D4-BB61-EFCDC5F366D4}"
EndProject
Project("{9A19103F-16F7-4668-BE54-9A1E7A4F7556}") = "Tutorial_BlazorApp", "src\Tutorial_BlazorApp\Tutorial_BlazorApp.csproj", "{EA416F40-4BF8-4434-8755-DBFE89B0E33B}"
EndProject
Project("{9A19103F-16F7-4668-BE54-9A1E7A4F7556}") = "Tutorial_TodoListServer", "src\Tutorial_TodoListServer\Tutorial_TodoListServer.csproj", "{B3C6876A-6F10-4E65-869C-DBCD6265EF2C}"
EndProject
Project("{9A19103F-16F7-4668-BE54-9A1E7A4F7556}") = "Tutorial_TodoListWebAssembly", "src\Tutorial_TodoListWebAssembly\Tutorial_TodoListWebAssembly.csproj", "{2FF258C7-65F9-41EE-BFAE-6AACFD627E3B}"
EndProject
Project("{9A19103F-16F7-4668-BE54-9A1E7A4F7556}") = "Tutorial_BlazorServerSignalRAppServer", "src\Tutorial_BlazorServerSignalRAppServer\Tutorial_BlazorServerSignalRAppServer.csproj", "{539481B9-A480-4471-BB4B-0CD99525790F}"
EndProject
Project("{9A19103F-16F7-4668-BE54-9A1E7A4F7556}") = "Tutorial_BlazorWebAssemblySignalRApp.Server", "src\Tutorial_BlazorWebAssemblySignalRApp\Server\Tutorial_BlazorWebAssemblySignalRApp.Server.csproj", "{B7CCE192-253F-409E-9EFC-AB9CA0DB200F}"
EndProject
Project("{9A19103F-16F7-4668-BE54-9A1E7A4F7556}") = "Tutorial_BlazorWebAssemblySignalRApp.Client", "src\Tutorial_BlazorWebAssemblySignalRApp\Client\Tutorial_BlazorWebAssemblySignalRApp.Client.csproj", "{8B20045B-444F-4213-8BD8-D1FA98E5888D}"
EndProject
Project("{9A19103F-16F7-4668-BE54-9A1E7A4F7556}") = "Tutorial_BlazorWebAssemblySignalRApp.Shared", "src\Tutorial_BlazorWebAssemblySignalRApp\Shared\Tutorial_BlazorWebAssemblySignalRApp.Shared.csproj", "{68EA8FF5-C710-44E2-ABBC-45E3E51F688D}"
EndProject
Project("{2150E333-8FDC-42A3-9474-1A3956D46DE8}") = "Shared", "Shared", "{3130C615-FD05-438A-9EE2-2DDF217AFB47}"
EndProject
Project("{9A19103F-16F7-4668-BE54-9A1E7A4F7556}") = "Tutorial_WindowsFormsBlazorApp", "src\Tutorial_WindowsFormsBlazorApp\Tutorial_WindowsFormsBlazorApp.csproj", "{E7954138-AB78-4268-AAC4-AAAE15C5497B}"
EndProject
Project("{9A19103F-16F7-4668-BE54-9A1E7A4F7556}") = "Tutorial_WpfBlazorApp", "src\Tutorial_WpfBlazorApp\Tutorial_WpfBlazorApp.csproj", "{9166EF6E-1BE5-4263-B42F-C6FAD5153F05}"
EndProject
Project("{9A19103F-16F7-4668-BE54-9A1E7A4F7556}") = "Tutorial_WpfBlazorAppRarorClassLibrary", "src\Tutorial_WpfBlazorAppRarorClassLibrary\Tutorial_WpfBlazorAppRarorClassLibrary.csproj", "{5642118F-DA85-42B1-A498-A34963715B91}"
EndProject
Project("{9A19103F-16F7-4668-BE54-9A1E7A4F7556}") = "Fundamentals_BlazorWebAssemblyApp", "src\Fundamentals_BlazorWebAssemblyApp\Fundamentals_BlazorWebAssemblyApp.csproj", "{5AC41654-75EE-47A4-AE79-FB762169C92D}"
EndProject
Project("{9A19103F-16F7-4668-BE54-9A1E7A4F7556}") = "Fundamentals_BlazorComponent", "src\Fundamentals_BlazorComponent\Fundamentals_BlazorComponent.csproj", "{C17639C8-1F90-459A-BA69-C13D4B32AA62}"
EndProject
Project("{9A19103F-16F7-4668-BE54-9A1E7A4F7556}") = "FileUpload_Samples", "src\FileUpload_Samples\FileUpload_Samples.csproj", "{D3474D18-6BAA-4C32-A928-375EDE097EBF}"
EndProject
Project("{2150E333-8FDC-42A3-9474-1A3956D46DE8}") = "Server", "Server", "{D005D5BB-4D8F-4BDB-9551-88F090182F95}"
EndProject
Project("{9A19103F-16F7-4668-BE54-9A1E7A4F7556}") = "FileUpload_Server", "src\FileUpload_Server\FileUpload_Server.csproj", "{EC38387A-91C7-4365-B0C5-5B79755D0D3A}"
EndProject
Project("{9A19103F-16F7-4668-BE54-9A1E7A4F7556}") = "FileUpload_ServerWeb", "src\FileUpload_ServerWeb\FileUpload_ServerWeb.csproj", "{36F9CB17-BDF7-4673-9B9B-82AFA4023AA9}"
EndProject
Project("{9A19103F-16F7-4668-BE54-9A1E7A4F7556}") = "Fundamentals_CurrentDate_Component", "src\CurrentDate_Component\Fundamentals_CurrentDate_Component.csproj", "{5B4AB397-5854-4B95-86D5-8307AF05F324}"
EndProject
Project("{9A19103F-16F7-4668-BE54-9A1E7A4F7556}") = "BlazorWebAssemblyApp_GameCanvas_Samples", "src\BlazorWebAssemblyApp_GameCanvas_Samples\BlazorWebAssemblyApp_GameCanvas_Samples.csproj", "{3B316A05-613A-4D03-9A5C-420D2FD28B2F}"
EndProject
Project("{9A19103F-16F7-4668-BE54-9A1E7A4F7556}") = "SVG_Samples", "src\SVG_Samples\SVG_Samples.csproj", "{87F7BBAD-5083-4431-82A6-1AF99F5F18E1}"
EndProject
Project("{9A19103F-16F7-4668-BE54-9A1E7A4F7556}") = "Html_Css_Samples", "src\Html_Css_Samples\Html_Css_Samples.csproj", "{1D8E6314-E024-438E-87DA-6BD89A5FDA4C}"
EndProject
Project("{9A19103F-16F7-4668-BE54-9A1E7A4F7556}") = "Blazor_Samples", "src\Blazor_Samples\Blazor_Samples.csproj", "{7FBDFAF4-5B7E-48D6-9780-BE6B1DF54257}"
EndProject
Project("{9A19103F-16F7-4668-BE54-9A1E7A4F7556}") = "BlazorWebAssemblyAppPWA_Svg_Samples", "src\BlazorWebAssemblyAppPWA_Svg_Samples\BlazorWebAssemblyAppPWA_Svg_Samples.csproj", "{BE326F6A-F28A-4868-9CDF-03CA454D376A}"
EndProject
Project("{9A19103F-16F7-4668-BE54-9A1E7A4F7556}") = "Blazor_Maui_Svg_Samples", "src\Blazor_Maui_Svg_Samples\Blazor_Maui_Svg_Samples.csproj", "{3B867D3F-2F93-4A3F-9A4F-5BA2D81CE589}"
EndProject
Project("{FAE04EC0-301F-11D3-BF4B-00C04F79EFBC}") = "Default_BlazorServerAppEmpty", "src\Default_BlazorServerAppEmpty\Default_BlazorServerAppEmpty.csproj", "{B0A5C7F7-95AD-4511-8878-5B1F25128E39}"
EndProject
Project("{FAE04EC0-301F-11D3-BF4B-00C04F79EFBC}") = "Default_RazorClassLibrary", "src\Default_RazorClassLibrary\Default_RazorClassLibrary.csproj", "{C4144B00-F655-4D21-BBF2-63481F6BC337}"
EndProject
Project("{FAE04EC0-301F-11D3-BF4B-00C04F79EFBC}") = "Default_RazorClassLibrary_PagesAndViews", "src\Default_RazorClassLibrary_PagesAndViews\Default_RazorClassLibrary_PagesAndViews.csproj", "{254BA027-BA67-4B8E-A048-09DE9B23A56D}"
EndProject
Project("{FAE04EC0-301F-11D3-BF4B-00C04F79EFBC}") = "Blazor_Samples_RazorClassLibrary", "src\Blazor_Samples_RazorClassLibrary\Blazor_Samples_RazorClassLibrary.csproj", "{331D3106-AA47-4961-AD8A-B8E51DDA4DA0}"
EndProject
Project("{FAE04EC0-301F-11D3-BF4B-00C04F79EFBC}") = "Default_BlazorWebApp", "src\Default_BlazorWebApp\Default_BlazorWebApp.csproj", "{81CD7845-F56A-4623-969D-4AEB6D6CC6DF}"
EndProject
Project("{FAE04EC0-301F-11D3-BF4B-00C04F79EFBC}") = "Default_BlazorWebAssemblyStandaloneApp", "src\Default_BlazorWebAssemblyStandaloneApp\Default_BlazorWebAssemblyStandaloneApp.csproj", "{7D635754-AF7F-4930-870D-158BA05540BE}"
EndProject
Global
	GlobalSection(SolutionConfigurationPlatforms) = preSolution
		Debug|Any CPU = Debug|Any CPU
		Release|Any CPU = Release|Any CPU
	EndGlobalSection
	GlobalSection(ProjectConfigurationPlatforms) = postSolution
		{52BE9C62-1CCB-44D4-BB61-EFCDC5F366D4}.Debug|Any CPU.ActiveCfg = Debug|Any CPU
		{52BE9C62-1CCB-44D4-BB61-EFCDC5F366D4}.Debug|Any CPU.Build.0 = Debug|Any CPU
		{52BE9C62-1CCB-44D4-BB61-EFCDC5F366D4}.Release|Any CPU.ActiveCfg = Release|Any CPU
		{52BE9C62-1CCB-44D4-BB61-EFCDC5F366D4}.Release|Any CPU.Build.0 = Release|Any CPU
		{EA416F40-4BF8-4434-8755-DBFE89B0E33B}.Debug|Any CPU.ActiveCfg = Debug|Any CPU
		{EA416F40-4BF8-4434-8755-DBFE89B0E33B}.Debug|Any CPU.Build.0 = Debug|Any CPU
		{EA416F40-4BF8-4434-8755-DBFE89B0E33B}.Release|Any CPU.ActiveCfg = Release|Any CPU
		{EA416F40-4BF8-4434-8755-DBFE89B0E33B}.Release|Any CPU.Build.0 = Release|Any CPU
		{B3C6876A-6F10-4E65-869C-DBCD6265EF2C}.Debug|Any CPU.ActiveCfg = Debug|Any CPU
		{B3C6876A-6F10-4E65-869C-DBCD6265EF2C}.Debug|Any CPU.Build.0 = Debug|Any CPU
		{B3C6876A-6F10-4E65-869C-DBCD6265EF2C}.Release|Any CPU.ActiveCfg = Release|Any CPU
		{B3C6876A-6F10-4E65-869C-DBCD6265EF2C}.Release|Any CPU.Build.0 = Release|Any CPU
		{2FF258C7-65F9-41EE-BFAE-6AACFD627E3B}.Debug|Any CPU.ActiveCfg = Debug|Any CPU
		{2FF258C7-65F9-41EE-BFAE-6AACFD627E3B}.Debug|Any CPU.Build.0 = Debug|Any CPU
		{2FF258C7-65F9-41EE-BFAE-6AACFD627E3B}.Release|Any CPU.ActiveCfg = Release|Any CPU
		{2FF258C7-65F9-41EE-BFAE-6AACFD627E3B}.Release|Any CPU.Build.0 = Release|Any CPU
		{539481B9-A480-4471-BB4B-0CD99525790F}.Debug|Any CPU.ActiveCfg = Debug|Any CPU
		{539481B9-A480-4471-BB4B-0CD99525790F}.Debug|Any CPU.Build.0 = Debug|Any CPU
		{539481B9-A480-4471-BB4B-0CD99525790F}.Release|Any CPU.ActiveCfg = Release|Any CPU
		{539481B9-A480-4471-BB4B-0CD99525790F}.Release|Any CPU.Build.0 = Release|Any CPU
		{B7CCE192-253F-409E-9EFC-AB9CA0DB200F}.Debug|Any CPU.ActiveCfg = Debug|Any CPU
		{B7CCE192-253F-409E-9EFC-AB9CA0DB200F}.Debug|Any CPU.Build.0 = Debug|Any CPU
		{B7CCE192-253F-409E-9EFC-AB9CA0DB200F}.Release|Any CPU.ActiveCfg = Release|Any CPU
		{B7CCE192-253F-409E-9EFC-AB9CA0DB200F}.Release|Any CPU.Build.0 = Release|Any CPU
		{8B20045B-444F-4213-8BD8-D1FA98E5888D}.Debug|Any CPU.ActiveCfg = Debug|Any CPU
		{8B20045B-444F-4213-8BD8-D1FA98E5888D}.Debug|Any CPU.Build.0 = Debug|Any CPU
		{8B20045B-444F-4213-8BD8-D1FA98E5888D}.Release|Any CPU.ActiveCfg = Release|Any CPU
		{8B20045B-444F-4213-8BD8-D1FA98E5888D}.Release|Any CPU.Build.0 = Release|Any CPU
		{68EA8FF5-C710-44E2-ABBC-45E3E51F688D}.Debug|Any CPU.ActiveCfg = Debug|Any CPU
		{68EA8FF5-C710-44E2-ABBC-45E3E51F688D}.Debug|Any CPU.Build.0 = Debug|Any CPU
		{68EA8FF5-C710-44E2-ABBC-45E3E51F688D}.Release|Any CPU.ActiveCfg = Release|Any CPU
		{68EA8FF5-C710-44E2-ABBC-45E3E51F688D}.Release|Any CPU.Build.0 = Release|Any CPU
		{E7954138-AB78-4268-AAC4-AAAE15C5497B}.Debug|Any CPU.ActiveCfg = Debug|Any CPU
		{E7954138-AB78-4268-AAC4-AAAE15C5497B}.Debug|Any CPU.Build.0 = Debug|Any CPU
		{E7954138-AB78-4268-AAC4-AAAE15C5497B}.Release|Any CPU.ActiveCfg = Release|Any CPU
		{E7954138-AB78-4268-AAC4-AAAE15C5497B}.Release|Any CPU.Build.0 = Release|Any CPU
		{9166EF6E-1BE5-4263-B42F-C6FAD5153F05}.Debug|Any CPU.ActiveCfg = Debug|Any CPU
		{9166EF6E-1BE5-4263-B42F-C6FAD5153F05}.Debug|Any CPU.Build.0 = Debug|Any CPU
		{9166EF6E-1BE5-4263-B42F-C6FAD5153F05}.Release|Any CPU.ActiveCfg = Release|Any CPU
		{9166EF6E-1BE5-4263-B42F-C6FAD5153F05}.Release|Any CPU.Build.0 = Release|Any CPU
		{5642118F-DA85-42B1-A498-A34963715B91}.Debug|Any CPU.ActiveCfg = Debug|Any CPU
		{5642118F-DA85-42B1-A498-A34963715B91}.Debug|Any CPU.Build.0 = Debug|Any CPU
		{5642118F-DA85-42B1-A498-A34963715B91}.Release|Any CPU.ActiveCfg = Release|Any CPU
		{5642118F-DA85-42B1-A498-A34963715B91}.Release|Any CPU.Build.0 = Release|Any CPU
		{5AC41654-75EE-47A4-AE79-FB762169C92D}.Debug|Any CPU.ActiveCfg = Debug|Any CPU
		{5AC41654-75EE-47A4-AE79-FB762169C92D}.Debug|Any CPU.Build.0 = Debug|Any CPU
		{5AC41654-75EE-47A4-AE79-FB762169C92D}.Release|Any CPU.ActiveCfg = Release|Any CPU
		{5AC41654-75EE-47A4-AE79-FB762169C92D}.Release|Any CPU.Build.0 = Release|Any CPU
		{C17639C8-1F90-459A-BA69-C13D4B32AA62}.Debug|Any CPU.ActiveCfg = Debug|Any CPU
		{C17639C8-1F90-459A-BA69-C13D4B32AA62}.Debug|Any CPU.Build.0 = Debug|Any CPU
		{C17639C8-1F90-459A-BA69-C13D4B32AA62}.Release|Any CPU.ActiveCfg = Release|Any CPU
		{C17639C8-1F90-459A-BA69-C13D4B32AA62}.Release|Any CPU.Build.0 = Release|Any CPU
		{D3474D18-6BAA-4C32-A928-375EDE097EBF}.Debug|Any CPU.ActiveCfg = Debug|Any CPU
		{D3474D18-6BAA-4C32-A928-375EDE097EBF}.Debug|Any CPU.Build.0 = Debug|Any CPU
		{D3474D18-6BAA-4C32-A928-375EDE097EBF}.Release|Any CPU.ActiveCfg = Release|Any CPU
		{D3474D18-6BAA-4C32-A928-375EDE097EBF}.Release|Any CPU.Build.0 = Release|Any CPU
		{EC38387A-91C7-4365-B0C5-5B79755D0D3A}.Debug|Any CPU.ActiveCfg = Debug|Any CPU
		{EC38387A-91C7-4365-B0C5-5B79755D0D3A}.Debug|Any CPU.Build.0 = Debug|Any CPU
		{EC38387A-91C7-4365-B0C5-5B79755D0D3A}.Release|Any CPU.ActiveCfg = Release|Any CPU
		{EC38387A-91C7-4365-B0C5-5B79755D0D3A}.Release|Any CPU.Build.0 = Release|Any CPU
		{36F9CB17-BDF7-4673-9B9B-82AFA4023AA9}.Debug|Any CPU.ActiveCfg = Debug|Any CPU
		{36F9CB17-BDF7-4673-9B9B-82AFA4023AA9}.Debug|Any CPU.Build.0 = Debug|Any CPU
		{36F9CB17-BDF7-4673-9B9B-82AFA4023AA9}.Release|Any CPU.ActiveCfg = Release|Any CPU
		{36F9CB17-BDF7-4673-9B9B-82AFA4023AA9}.Release|Any CPU.Build.0 = Release|Any CPU
		{5B4AB397-5854-4B95-86D5-8307AF05F324}.Debug|Any CPU.ActiveCfg = Debug|Any CPU
		{5B4AB397-5854-4B95-86D5-8307AF05F324}.Debug|Any CPU.Build.0 = Debug|Any CPU
		{5B4AB397-5854-4B95-86D5-8307AF05F324}.Release|Any CPU.ActiveCfg = Release|Any CPU
		{5B4AB397-5854-4B95-86D5-8307AF05F324}.Release|Any CPU.Build.0 = Release|Any CPU
		{3B316A05-613A-4D03-9A5C-420D2FD28B2F}.Debug|Any CPU.ActiveCfg = Debug|Any CPU
		{3B316A05-613A-4D03-9A5C-420D2FD28B2F}.Debug|Any CPU.Build.0 = Debug|Any CPU
		{3B316A05-613A-4D03-9A5C-420D2FD28B2F}.Release|Any CPU.ActiveCfg = Release|Any CPU
		{3B316A05-613A-4D03-9A5C-420D2FD28B2F}.Release|Any CPU.Build.0 = Release|Any CPU
		{87F7BBAD-5083-4431-82A6-1AF99F5F18E1}.Debug|Any CPU.ActiveCfg = Debug|Any CPU
		{87F7BBAD-5083-4431-82A6-1AF99F5F18E1}.Debug|Any CPU.Build.0 = Debug|Any CPU
		{87F7BBAD-5083-4431-82A6-1AF99F5F18E1}.Release|Any CPU.ActiveCfg = Release|Any CPU
		{87F7BBAD-5083-4431-82A6-1AF99F5F18E1}.Release|Any CPU.Build.0 = Release|Any CPU
		{1D8E6314-E024-438E-87DA-6BD89A5FDA4C}.Debug|Any CPU.ActiveCfg = Debug|Any CPU
		{1D8E6314-E024-438E-87DA-6BD89A5FDA4C}.Debug|Any CPU.Build.0 = Debug|Any CPU
		{1D8E6314-E024-438E-87DA-6BD89A5FDA4C}.Release|Any CPU.ActiveCfg = Release|Any CPU
		{1D8E6314-E024-438E-87DA-6BD89A5FDA4C}.Release|Any CPU.Build.0 = Release|Any CPU
		{7FBDFAF4-5B7E-48D6-9780-BE6B1DF54257}.Debug|Any CPU.ActiveCfg = Debug|Any CPU
		{7FBDFAF4-5B7E-48D6-9780-BE6B1DF54257}.Debug|Any CPU.Build.0 = Debug|Any CPU
		{7FBDFAF4-5B7E-48D6-9780-BE6B1DF54257}.Release|Any CPU.ActiveCfg = Release|Any CPU
		{7FBDFAF4-5B7E-48D6-9780-BE6B1DF54257}.Release|Any CPU.Build.0 = Release|Any CPU
		{BE326F6A-F28A-4868-9CDF-03CA454D376A}.Debug|Any CPU.ActiveCfg = Debug|Any CPU
		{BE326F6A-F28A-4868-9CDF-03CA454D376A}.Debug|Any CPU.Build.0 = Debug|Any CPU
		{BE326F6A-F28A-4868-9CDF-03CA454D376A}.Release|Any CPU.ActiveCfg = Release|Any CPU
		{BE326F6A-F28A-4868-9CDF-03CA454D376A}.Release|Any CPU.Build.0 = Release|Any CPU
		{3B867D3F-2F93-4A3F-9A4F-5BA2D81CE589}.Debug|Any CPU.ActiveCfg = Debug|Any CPU
		{3B867D3F-2F93-4A3F-9A4F-5BA2D81CE589}.Debug|Any CPU.Build.0 = Debug|Any CPU
		{3B867D3F-2F93-4A3F-9A4F-5BA2D81CE589}.Debug|Any CPU.Deploy.0 = Debug|Any CPU
		{3B867D3F-2F93-4A3F-9A4F-5BA2D81CE589}.Release|Any CPU.ActiveCfg = Release|Any CPU
		{3B867D3F-2F93-4A3F-9A4F-5BA2D81CE589}.Release|Any CPU.Build.0 = Release|Any CPU
		{3B867D3F-2F93-4A3F-9A4F-5BA2D81CE589}.Release|Any CPU.Deploy.0 = Release|Any CPU
		{B0A5C7F7-95AD-4511-8878-5B1F25128E39}.Debug|Any CPU.ActiveCfg = Debug|Any CPU
		{B0A5C7F7-95AD-4511-8878-5B1F25128E39}.Debug|Any CPU.Build.0 = Debug|Any CPU
		{B0A5C7F7-95AD-4511-8878-5B1F25128E39}.Release|Any CPU.ActiveCfg = Release|Any CPU
		{B0A5C7F7-95AD-4511-8878-5B1F25128E39}.Release|Any CPU.Build.0 = Release|Any CPU
		{C4144B00-F655-4D21-BBF2-63481F6BC337}.Debug|Any CPU.ActiveCfg = Debug|Any CPU
		{C4144B00-F655-4D21-BBF2-63481F6BC337}.Debug|Any CPU.Build.0 = Debug|Any CPU
		{C4144B00-F655-4D21-BBF2-63481F6BC337}.Release|Any CPU.ActiveCfg = Release|Any CPU
		{C4144B00-F655-4D21-BBF2-63481F6BC337}.Release|Any CPU.Build.0 = Release|Any CPU
		{254BA027-BA67-4B8E-A048-09DE9B23A56D}.Debug|Any CPU.ActiveCfg = Debug|Any CPU
		{254BA027-BA67-4B8E-A048-09DE9B23A56D}.Debug|Any CPU.Build.0 = Debug|Any CPU
		{254BA027-BA67-4B8E-A048-09DE9B23A56D}.Release|Any CPU.ActiveCfg = Release|Any CPU
		{254BA027-BA67-4B8E-A048-09DE9B23A56D}.Release|Any CPU.Build.0 = Release|Any CPU
		{331D3106-AA47-4961-AD8A-B8E51DDA4DA0}.Debug|Any CPU.ActiveCfg = Debug|Any CPU
		{331D3106-AA47-4961-AD8A-B8E51DDA4DA0}.Debug|Any CPU.Build.0 = Debug|Any CPU
		{331D3106-AA47-4961-AD8A-B8E51DDA4DA0}.Release|Any CPU.ActiveCfg = Release|Any CPU
		{331D3106-AA47-4961-AD8A-B8E51DDA4DA0}.Release|Any CPU.Build.0 = Release|Any CPU
		{81CD7845-F56A-4623-969D-4AEB6D6CC6DF}.Debug|Any CPU.ActiveCfg = Debug|Any CPU
		{81CD7845-F56A-4623-969D-4AEB6D6CC6DF}.Debug|Any CPU.Build.0 = Debug|Any CPU
		{81CD7845-F56A-4623-969D-4AEB6D6CC6DF}.Release|Any CPU.ActiveCfg = Release|Any CPU
		{81CD7845-F56A-4623-969D-4AEB6D6CC6DF}.Release|Any CPU.Build.0 = Release|Any CPU
		{7D635754-AF7F-4930-870D-158BA05540BE}.Debug|Any CPU.ActiveCfg = Debug|Any CPU
		{7D635754-AF7F-4930-870D-158BA05540BE}.Debug|Any CPU.Build.0 = Debug|Any CPU
		{7D635754-AF7F-4930-870D-158BA05540BE}.Release|Any CPU.ActiveCfg = Release|Any CPU
		{7D635754-AF7F-4930-870D-158BA05540BE}.Release|Any CPU.Build.0 = Release|Any CPU
	EndGlobalSection
	GlobalSection(SolutionProperties) = preSolution
		HideSolutionNode = FALSE
	EndGlobalSection
	GlobalSection(NestedProjects) = preSolution
		{52BE9C62-1CCB-44D4-BB61-EFCDC5F366D4} = {3130C615-FD05-438A-9EE2-2DDF217AFB47}
		{EC38387A-91C7-4365-B0C5-5B79755D0D3A} = {D005D5BB-4D8F-4BDB-9551-88F090182F95}
		{36F9CB17-BDF7-4673-9B9B-82AFA4023AA9} = {D005D5BB-4D8F-4BDB-9551-88F090182F95}
		{B0A5C7F7-95AD-4511-8878-5B1F25128E39} = {65146420-E8B0-40B9-ABEE-494C24426ED7}
		{C4144B00-F655-4D21-BBF2-63481F6BC337} = {65146420-E8B0-40B9-ABEE-494C24426ED7}
		{254BA027-BA67-4B8E-A048-09DE9B23A56D} = {65146420-E8B0-40B9-ABEE-494C24426ED7}
		{81CD7845-F56A-4623-969D-4AEB6D6CC6DF} = {65146420-E8B0-40B9-ABEE-494C24426ED7}
		{7D635754-AF7F-4930-870D-158BA05540BE} = {65146420-E8B0-40B9-ABEE-494C24426ED7}
	EndGlobalSection
	GlobalSection(ExtensibilityGlobals) = postSolution
		SolutionGuid = {5C4819EF-5052-413A-BD79-3FC25D4E4A66}
	EndGlobalSection
EndGlobal
